
Microsoft Visual Studio Solution File, Format Version 12.00
# Visual Studio 15
VisualStudioVersion = 15.0.27130.2010
MinimumVisualStudioVersion = 10.0.40219.1
Project("{FAE04EC0-301F-11D3-BF4B-00C04F79EFBC}") = "CheckInbyFace", "CheckInbyFace\CheckInbyFace.csproj", "{E9B93CB6-0C08-4F4D-8204-377DE095A21B}"
EndProject
Project("{FAE04EC0-301F-11D3-BF4B-00C04F79EFBC}") = "CheckInbyFaceTests", "CheckInbyFaceTests\CheckInbyFaceTests.csproj", "{30DC1D9E-D2F4-4C55-B078-884D15041198}"
EndProject
Project("{FAE04EC0-301F-11D3-BF4B-00C04F79EFBC}") = "CheckInbyFace.Objects", "CheckInbyFace.Objects\CheckInbyFace.Objects.csproj", "{0BB17BC1-D92B-4947-8FCD-4F70B7D6615A}"
EndProject
Project("{FAE04EC0-301F-11D3-BF4B-00C04F79EFBC}") = "CheckInbyFace.TestFrameGenerator", "CheckInbyFace.TestFrameGenerator\CheckInbyFace.TestFrameGenerator.csproj", "{B029615B-366E-4613-A974-D38EBE2B368D}"
EndProject
Global
	GlobalSection(SolutionConfigurationPlatforms) = preSolution
		Debug|Any CPU = Debug|Any CPU
		Release|Any CPU = Release|Any CPU
	EndGlobalSection
	GlobalSection(ProjectConfigurationPlatforms) = postSolution
		{E9B93CB6-0C08-4F4D-8204-377DE095A21B}.Debug|Any CPU.ActiveCfg = Debug|Any CPU
		{E9B93CB6-0C08-4F4D-8204-377DE095A21B}.Debug|Any CPU.Build.0 = Debug|Any CPU
		{E9B93CB6-0C08-4F4D-8204-377DE095A21B}.Release|Any CPU.ActiveCfg = Release|Any CPU
		{E9B93CB6-0C08-4F4D-8204-377DE095A21B}.Release|Any CPU.Build.0 = Release|Any CPU
		{30DC1D9E-D2F4-4C55-B078-884D15041198}.Debug|Any CPU.ActiveCfg = Debug|Any CPU
		{30DC1D9E-D2F4-4C55-B078-884D15041198}.Debug|Any CPU.Build.0 = Debug|Any CPU
		{30DC1D9E-D2F4-4C55-B078-884D15041198}.Release|Any CPU.ActiveCfg = Release|Any CPU
		{30DC1D9E-D2F4-4C55-B078-884D15041198}.Release|Any CPU.Build.0 = Release|Any CPU
		{0BB17BC1-D92B-4947-8FCD-4F70B7D6615A}.Debug|Any CPU.ActiveCfg = Debug|Any CPU
		{0BB17BC1-D92B-4947-8FCD-4F70B7D6615A}.Debug|Any CPU.Build.0 = Debug|Any CPU
		{0BB17BC1-D92B-4947-8FCD-4F70B7D6615A}.Release|Any CPU.ActiveCfg = Release|Any CPU
		{0BB17BC1-D92B-4947-8FCD-4F70B7D6615A}.Release|Any CPU.Build.0 = Release|Any CPU
		{B029615B-366E-4613-A974-D38EBE2B368D}.Debug|Any CPU.ActiveCfg = Debug|Any CPU
		{B029615B-366E-4613-A974-D38EBE2B368D}.Debug|Any CPU.Build.0 = Debug|Any CPU
		{B029615B-366E-4613-A974-D38EBE2B368D}.Release|Any CPU.ActiveCfg = Release|Any CPU
		{B029615B-366E-4613-A974-D38EBE2B368D}.Release|Any CPU.Build.0 = Release|Any CPU
	EndGlobalSection
	GlobalSection(SolutionProperties) = preSolution
		HideSolutionNode = FALSE
	EndGlobalSection
	GlobalSection(ExtensibilityGlobals) = postSolution
		SolutionGuid = {34E06E54-303B-43C6-A772-965C115762D4}
	EndGlobalSection
EndGlobal
